// !$*UTF8*$!
{
	archiveVersion = 1;
	classes = {
	};
	objectVersion = 56;
	objects = {

/* Begin PBXBuildFile section */
		B10000000000000000000A0A /* GSEControllerApp.swift in Sources */ = {isa = PBXBuildFile; fileRef = B100000000000000000000A0 /* GSEControllerApp.swift */; };
		B10000000000000000000A0B /* ContentView.swift in Sources */ = {isa = PBXBuildFile; fileRef = B100000000000000000000A1 /* ContentView.swift */; };
		B10000000000000000000A0C /* ControllerManager.swift in Sources */ = {isa = PBXBuildFile; fileRef = B100000000000000000000A2 /* ControllerManager.swift */; };
		B10000000000000000000A0D /* KeySimulator.swift in Sources */ = {isa = PBXBuildFile; fileRef = B100000000000000000000A3 /* KeySimulator.swift */; };
		B10000000000000000000A0E /* Models.swift in Sources */ = {isa = PBXBuildFile; fileRef = B100000000000000000000A4 /* Models.swift */; };
		B10000000000000000000A0F /* Assets.xcassets in Resources */ = {isa = PBXBuildFile; fileRef = B100000000000000000000A7 /* Assets.xcassets */; };
		B10000000000000000000A10 /* KeyHelper.c.txt in Resources */ = {isa = PBXBuildFile; fileRef = B100000000000000000000A9 /* KeyHelper.c.txt */; };
/* End PBXBuildFile section */

/* Begin PBXFileReference section */
		B100000000000000000000A0 /* GSEControllerApp.swift */ = {isa = PBXFileReference; lastKnownFileType = sourcecode.swift; path = GSEControllerApp.swift; sourceTree = "<group>"; };
		B100000000000000000000A1 /* ContentView.swift */ = {isa = PBXFileReference; lastKnownFileType = sourcecode.swift; path = ContentView.swift; sourceTree = "<group>"; };
		B100000000000000000000A2 /* ControllerManager.swift */ = {isa = PBXFileReference; lastKnownFileType = sourcecode.swift; path = ControllerManager.swift; sourceTree = "<group>"; };
		B100000000000000000000A3 /* KeySimulator.swift */ = {isa = PBXFileReference; lastKnownFileType = sourcecode.swift; path = KeySimulator.swift; sourceTree = "<group>"; };
		B100000000000000000000A4 /* Models.swift */ = {isa = PBXFileReference; lastKnownFileType = sourcecode.swift; path = Models.swift; sourceTree = "<group>"; };
		B100000000000000000000A5 /* Info.plist */ = {isa = PBXFileReference; lastKnownFileType = text.plist.xml; path = Info.plist; sourceTree = "<group>"; };
		B100000000000000000000A6 /* GSEController.entitlements */ = {isa = PBXFileReference; lastKnownFileType = text.plist.entitlements; path = GSEController.entitlements; sourceTree = "<group>"; };
		B100000000000000000000A7 /* Assets.xcassets */ = {isa = PBXFileReference; lastKnownFileType = folder.assetcatalog; path = Assets.xcassets; sourceTree = "<group>"; };
		B100000000000000000000A8 /* GSEController.app */ = {isa = PBXFileReference; explicitFileType = wrapper.application; includeInIndex = 0; path = GSEController.app; sourceTree = BUILT_PRODUCTS_DIR; };
		B100000000000000000000A9 /* KeyHelper.c.txt */ = {isa = PBXFileReference; lastKnownFileType = text; path = KeyHelper.c.txt; sourceTree = "<group>"; };
/* End PBXFileReference section */

/* Begin PBXFrameworksBuildPhase section */
		B100000000000000000000C1 /* Frameworks */ = {
			isa = PBXFrameworksBuildPhase;
			buildActionMask = 2147483647;
			files = (
			);
			runOnlyForDeploymentPostprocessing = 0;
		};
/* End PBXFrameworksBuildPhase section */

/* Begin PBXGroup section */
		B100000000000000000000B0 /* root */ = {
			isa = PBXGroup;
			children = (
				B100000000000000000000B1 /* GSEController */,
				B100000000000000000000B2 /* Products */,
			);
			sourceTree = "<group>";
		};
		B100000000000000000000B1 /* GSEController */ = {
			isa = PBXGroup;
			children = (
				B100000000000000000000A0 /* GSEControllerApp.swift */,
				B100000000000000000000A1 /* ContentView.swift */,
				B100000000000000000000A2 /* ControllerManager.swift */,
				B100000000000000000000A3 /* KeySimulator.swift */,
				B100000000000000000000A4 /* Models.swift */,
				B100000000000000000000A7 /* Assets.xcassets */,
				B100000000000000000000A5 /* Info.plist */,
				B100000000000000000000A6 /* GSEController.entitlements */,
				B100000000000000000000A9 /* KeyHelper.c.txt */,
			);
			path = GSEController;
			sourceTree = "<group>";
		};
		B100000000000000000000B2 /* Products */ = {
			isa = PBXGroup;
			children = (
				B100000000000000000000A8 /* GSEController.app */,
			);
			name = Products;
			sourceTree = "<group>";
		};
/* End PBXGroup section */

/* Begin PBXNativeTarget section */
		B100000000000000000000D0 /* GSEController */ = {
			isa = PBXNativeTarget;
			buildConfigurationList = B100000000000000000000F5 /* Build configuration list for PBXNativeTarget "GSEController" */;
			buildPhases = (
				B100000000000000000000C0 /* Sources */,
				B100000000000000000000C1 /* Frameworks */,
				B100000000000000000000C2 /* Resources */,
			);
			buildRules = (
			);
			dependencies = (
			);
			name = GSEController;
			productName = GSEController;
			productReference = B100000000000000000000A8 /* GSEController.app */;
			productType = "com.apple.product-type.application";
		};
/* End PBXNativeTarget section */

/* Begin PBXProject section */
		B100000000000000000000E0 /* Project object */ = {
			isa = PBXProject;
			attributes = {
				BuildIndependentTargetsInParallel = 1;
				LastSwiftUpdateCheck = 2600;
				LastUpgradeCheck = 2600;
				TargetAttributes = {
					B100000000000000000000D0 = {
						CreatedOnToolsVersion = 26.0;
					};
				};
			};
			buildConfigurationList = B100000000000000000000F2 /* Build configuration list for PBXProject "GSEController" */;
			compatibilityVersion = "Xcode 14.0";
			developmentRegion = en;
			hasScannedForEncodings = 0;
			knownRegions = (
				en,
				Base,
			);
			mainGroup = B100000000000000000000B0 /* root */;
			productRefGroup = B100000000000000000000B2 /* Products */;
			projectDirPath = "";
			projectRoot = "";
			targets = (
				B100000000000000000000D0 /* GSEController */,
			);
		};
/* End PBXProject section */

/* Begin PBXResourcesBuildPhase section */
		B100000000000000000000C2 /* Resources */ = {
			isa = PBXResourcesBuildPhase;
			buildActionMask = 2147483647;
			files = (
				B10000000000000000000A0F /* Assets.xcassets in Resources */,
				B10000000000000000000A10 /* KeyHelper.c.txt in Resources */,
			);
			runOnlyForDeploymentPostprocessing = 0;
		};
/* End PBXResourcesBuildPhase section */

/* Begin PBXSourcesBuildPhase section */
		B100000000000000000000C0 /* Sources */ = {
			isa = PBXSourcesBuildPhase;
			buildActionMask = 2147483647;
			files = (
				B10000000000000000000A0A /* GSEControllerApp.swift in Sources */,
				B10000000000000000000A0B /* ContentView.swift in Sources */,
				B10000000000000000000A0C /* ControllerManager.swift in Sources */,
				B10000000000000000000A0D /* KeySimulator.swift in Sources */,
				B10000000000000000000A0E /* Models.swift in Sources */,
			);
			runOnlyForDeploymentPostprocessing = 0;
		};
/* End PBXSourcesBuildPhase section */

/* Begin XCBuildConfiguration section */
		B100000000000000000000F0 /* Debug */ = {
			isa = XCBuildConfiguration;
			buildSettings = {
				ALWAYS_SEARCH_USER_PATHS = NO;
				ASSETCATALOG_COMPILER_GENERATE_SWIFT_ASSET_SYMBOL_EXTENSIONS = YES;
				CLANG_ANALYZER_NONNULL = YES;
				CLANG_ANALYZER_NUMBER_OBJECT_CONVERSION = YES_AGGRESSIVE;
				CLANG_CXX_LANGUAGE_STANDARD = "gnu++20";
				CLANG_ENABLE_MODULES = YES;
				CLANG_ENABLE_OBJC_ARC = YES;
				CLANG_ENABLE_OBJC_WEAK = YES;
				CLANG_WARN_BLOCK_CAPTURE_AUTORELEASING = YES;
				CLANG_WARN_BOOL_CONVERSION = YES;
				CLANG_WARN_COMMA = YES;
				CLANG_WARN_CONSTANT_CONVERSION = YES;
				CLANG_WARN_DEPRECATED_OBJC_IMPLEMENTATIONS = YES;
				CLANG_WARN_DIRECT_OBJC_ISA_USAGE = YES_ERROR;
				CLANG_WARN_DOCUMENTATION_COMMENTS = YES;
				CLANG_WARN_EMPTY_BODY = YES;
				CLANG_WARN_ENUM_CONVERSION = YES;
				CLANG_WARN_INFINITE_RECURSION = YES;
				CLANG_WARN_INT_CONVERSION = YES;
				CLANG_WARN_NON_LITERAL_NULL_CONVERSION = YES;
				CLANG_WARN_OBJC_IMPLICIT_RETAIN_SELF = YES;
				CLANG_WARN_OBJC_LITERAL_CONVERSION = YES;
				CLANG_WARN_OBJC_ROOT_CLASS = YES_ERROR;
				CLANG_WARN_QUOTED_INCLUDE_IN_FRAMEWORK_HEADER = YES;
				CLANG_WARN_RANGE_LOOP_ANALYSIS = YES;
				CLANG_WARN_STRICT_PROTOTYPES = YES;
				CLANG_WARN_SUSPICIOUS_MOVE = YES;
				CLANG_WARN_UNGUARDED_AVAILABILITY = YES_AGGRESSIVE;
				CLANG_WARN_UNREACHABLE_CODE = YES;
				CLANG_WARN__DUPLICATE_METHOD_MATCH = YES;
				COPY_PHASE_STRIP = NO;
				DEBUG_INFORMATION_FORMAT = dwarf;
				ENABLE_STRICT_OBJC_MSGSEND = YES;
				ENABLE_TESTABILITY = YES;
				ENABLE_USER_SCRIPT_SANDBOXING = YES;
				GCC_C_LANGUAGE_STANDARD = gnu17;
				GCC_DYNAMIC_NO_PIC = NO;
				GCC_NO_COMMON_BLOCKS = YES;
				GCC_OPTIMIZATION_LEVEL = 0;
				GCC_PREPROCESSOR_DEFINITIONS = (
					"DEBUG=1",
					"$(inherited)",
				);
				GCC_WARN_64_TO_32_BIT_CONVERSION = YES;
				GCC_WARN_ABOUT_RETURN_TYPE = YES_ERROR;
				GCC_WARN_UNDECLARED_SELECTOR = YES;
				GCC_WARN_UNINITIALIZED_AUTOS = YES_AGGRESSIVE;
				GCC_WARN_UNUSED_FUNCTION = YES;
				GCC_WARN_UNUSED_VARIABLE = YES;
				MACOSX_DEPLOYMENT_TARGET = 26.0;
				MTL_ENABLE_DEBUG_INFO = INCLUDE_SOURCE;
				MTL_FAST_MATH = YES;
				ONLY_ACTIVE_ARCH = YES;
				SDKROOT = macosx;
				SWIFT_ACTIVE_COMPILATION_CONDITIONS = "DEBUG $(inherited)";
				SWIFT_OPTIMIZATION_LEVEL = "-Onone";
			};
			name = Debug;
		};
		B100000000000000000000F1 /* Release */ = {
			isa = XCBuildConfiguration;
			buildSettings = {
				ALWAYS_SEARCH_USER_PATHS = NO;
				ASSETCATALOG_COMPILER_GENERATE_SWIFT_ASSET_SYMBOL_EXTENSIONS = YES;
				CLANG_ANALYZER_NONNULL = YES;
				CLANG_ANALYZER_NUMBER_OBJECT_CONVERSION = YES_AGGRESSIVE;
				CLANG_CXX_LANGUAGE_STANDARD = "gnu++20";
				CLANG_ENABLE_MODULES = YES;
				CLANG_ENABLE_OBJC_ARC = YES;
				CLANG_ENABLE_OBJC_WEAK = YES;
				CLANG_WARN_BLOCK_CAPTURE_AUTORELEASING = YES;
				CLANG_WARN_BOOL_CONVERSION = YES;
				CLANG_WARN_COMMA = YES;
				CLANG_WARN_CONSTANT_CONVERSION = YES;
				CLANG_WARN_DEPRECATED_OBJC_IMPLEMENTATIONS = YES;
				CLANG_WARN_DIRECT_OBJC_ISA_USAGE = YES_ERROR;
				CLANG_WARN_DOCUMENTATION_COMMENTS = YES;
				CLANG_WARN_EMPTY_BODY = YES;
				CLANG_WARN_ENUM_CONVERSION = YES;
				CLANG_WARN_INFINITE_RECURSION = YES;
				CLANG_WARN_INT_CONVERSION = YES;
				CLANG_WARN_NON_LITERAL_NULL_CONVERSION = YES;
				CLANG_WARN_OBJC_IMPLICIT_RETAIN_SELF = YES;
				CLANG_WARN_OBJC_LITERAL_CONVERSION = YES;
				CLANG_WARN_OBJC_ROOT_CLASS = YES_ERROR;
				CLANG_WARN_QUOTED_INCLUDE_IN_FRAMEWORK_HEADER = YES;
				CLANG_WARN_RANGE_LOOP_ANALYSIS = YES;
				CLANG_WARN_STRICT_PROTOTYPES = YES;
				CLANG_WARN_SUSPICIOUS_MOVE = YES;
				CLANG_WARN_UNGUARDED_AVAILABILITY = YES_AGGRESSIVE;
				CLANG_WARN_UNREACHABLE_CODE = YES;
				CLANG_WARN__DUPLICATE_METHOD_MATCH = YES;
				COPY_PHASE_STRIP = NO;
				DEBUG_INFORMATION_FORMAT = "dwarf-with-dsym";
				ENABLE_NS_ASSERTIONS = NO;
				ENABLE_STRICT_OBJC_MSGSEND = YES;
				ENABLE_USER_SCRIPT_SANDBOXING = YES;
				GCC_C_LANGUAGE_STANDARD = gnu17;
				GCC_NO_COMMON_BLOCKS = YES;
				GCC_WARN_64_TO_32_BIT_CONVERSION = YES;
				GCC_WARN_ABOUT_RETURN_TYPE = YES_ERROR;
				GCC_WARN_UNDECLARED_SELECTOR = YES;
				GCC_WARN_UNINITIALIZED_AUTOS = YES_AGGRESSIVE;
				GCC_WARN_UNUSED_FUNCTION = YES;
				GCC_WARN_UNUSED_VARIABLE = YES;
				MACOSX_DEPLOYMENT_TARGET = 26.0;
				MTL_ENABLE_DEBUG_INFO = NO;
				MTL_FAST_MATH = YES;
				SDKROOT = macosx;
				SWIFT_COMPILATION_MODE = wholemodule;
			};
			name = Release;
		};
		B100000000000000000000F3 /* Debug */ = {
			isa = XCBuildConfiguration;
			buildSettings = {
				ASSETCATALOG_COMPILER_APPICON_NAME = AppIcon;
				ASSETCATALOG_COMPILER_GLOBAL_ACCENT_COLOR_NAME = AccentColor;
				CODE_SIGN_ENTITLEMENTS = GSEController/GSEController.entitlements;
				CODE_SIGN_STYLE = Automatic;
				COMBINE_HIDPI_IMAGES = YES;
				CURRENT_PROJECT_VERSION = 1;
				ENABLE_HARDENED_RUNTIME = NO;
				INFOPLIST_FILE = GSEController/Info.plist;
				LD_RUNPATH_SEARCH_PATHS = (
					"$(inherited)",
					"@executable_path/../Frameworks",
				);
				MARKETING_VERSION = 1.0;
				PRODUCT_BUNDLE_IDENTIFIER = com.jcll.GSEController;
				PRODUCT_NAME = "$(TARGET_NAME)";
				SWIFT_EMIT_LOC_STRINGS = YES;
				SWIFT_VERSION = 5.0;
			};
			name = Debug;
		};
		B100000000000000000000F4 /* Release */ = {
			isa = XCBuildConfiguration;
			buildSettings = {
				ASSETCATALOG_COMPILER_APPICON_NAME = AppIcon;
				ASSETCATALOG_COMPILER_GLOBAL_ACCENT_COLOR_NAME = AccentColor;
				CODE_SIGN_ENTITLEMENTS = GSEController/GSEController.entitlements;
				CODE_SIGN_STYLE = Automatic;
				COMBINE_HIDPI_IMAGES = YES;
				CURRENT_PROJECT_VERSION = 1;
				ENABLE_HARDENED_RUNTIME = NO;
				INFOPLIST_FILE = GSEController/Info.plist;
				LD_RUNPATH_SEARCH_PATHS = (
					"$(inherited)",
					"@executable_path/../Frameworks",
				);
				MARKETING_VERSION = 1.0;
				PRODUCT_BUNDLE_IDENTIFIER = com.jcll.GSEController;
				PRODUCT_NAME = "$(TARGET_NAME)";
				SWIFT_EMIT_LOC_STRINGS = YES;
				SWIFT_VERSION = 5.0;
			};
			name = Release;
		};
/* End XCBuildConfiguration section */

/* Begin XCConfigurationList section */
		B100000000000000000000F2 /* Build configuration list for PBXProject "GSEController" */ = {
			isa = XCConfigurationList;
			buildConfigurations = (
				B100000000000000000000F0 /* Debug */,
				B100000000000000000000F1 /* Release */,
			);
			defaultConfigurationIsVisible = 0;
			defaultConfigurationName = Release;
		};
		B100000000000000000000F5 /* Build configuration list for PBXNativeTarget "GSEController" */ = {
			isa = XCConfigurationList;
			buildConfigurations = (
				B100000000000000000000F3 /* Debug */,
				B100000000000000000000F4 /* Release */,
			);
			defaultConfigurationIsVisible = 0;
			defaultConfigurationName = Release;
		};
/* End XCConfigurationList section */
	};
	rootObject = B100000000000000000000E0 /* Project object */;
}
